<?xml version="1.0" encoding="UTF-8"?>
<CONFIG>
  <ProjectOptions>
    <Version Value="13"/>
    <PathDelim Value="\"/>
    <General>
      <Flags>
        <MainUnitHasCreateFormStatements Value="False"/>
        <CompatibilityMode Value="True"/>
      </Flags>
      <SessionStorage Value="InProjectDir"/>
      <Title Value="Unleashed Pascal Installer"/>
      <Scaled Value="True"/>
      <ResourceType Value="res"/>
      <UseXPManifest Value="True"/>
      <XPManifest>
        <DpiAware Value="True"/>
        <TextName Value="unleashed.installer"/>
        <TextDesc Value="Unleashed Pascal Installer"/>
      </XPManifest>
      <Icon Value="0"/>
    </General>
    <VersionInfo>
      <UseVersionInfo Value="True"/>
      <MinorVersionNr Value="1"/>
      <RevisionNr Value="5"/>
      <StringTable Comments="Builds the Unleashed Pascal compiler and IDE from GitHub sources" CompanyName="Unleashed Pascal" FileDescription="Unleashed Pascal Installer" InternalName="installer" LegalCopyright="(c) 2026 Unleashed Pascal" OriginalFilename="installer.exe" ProductName="Unleashed Pascal Installer"/>
    </VersionInfo>
    <BuildModes Count="4">
      <Item1 Name="win64_debug" Default="True"/>
      <Item2 Name="win64_release">
        <CompilerOptions>
          <Version Value="11"/>
          <PathDelim Value="\"/>
          <Target>
            <Filename Value="..\installer_win64_x86_64"/>
          </Target>
          <SearchPaths>
            <IncludeFiles Value="$(ProjOutDir)"/>
            <UnitOutputDirectory Value="lib\$(TargetCPU)-$(TargetOS)"/>
          </SearchPaths>
          <Parsing>
            <SyntaxOptions>
              <SyntaxMode Value="unleashed"/>
            </SyntaxOptions>
          </Parsing>
          <CodeGeneration>
            <SmartLinkUnit Value="True"/>
            <TargetCPU Value="x86_64"/>
            <TargetOS Value="win64"/>
            <Optimizations>
              <OptimizationLevel Value="3"/>
            </Optimizations>
          </CodeGeneration>
          <Linking>
            <Debugging>
              <GenerateDebugInfo Value="False"/>
              <RunWithoutDebug Value="True"/>
              <DebugInfoType Value="dsDwarf3"/>
              <StripSymbols Value="True"/>
            </Debugging>
            <LinkSmart Value="True"/>
            <Options>
              <Win32>
                <GraphicApplication Value="True"/>
              </Win32>
            </Options>
          </Linking>
        </CompilerOptions>
      </Item2>
      <Item3 Name="linux64_debug">
        <MacroValues Count="1">
          <Macro1 Name="LCLWidgetType" Value="gtk2"/>
        </MacroValues>
        <CompilerOptions>
          <Version Value="11"/>
          <PathDelim Value="\"/>
          <Target>
            <Filename Value="..\installer_linux_x86_64"/>
          </Target>
          <SearchPaths>
            <IncludeFiles Value="$(ProjOutDir)"/>
            <UnitOutputDirectory Value="lib\$(TargetCPU)-$(TargetOS)"/>
          </SearchPaths>
          <Parsing>
            <SyntaxOptions>
              <SyntaxMode Value="unleashed"/>
            </SyntaxOptions>
          </Parsing>
          <CodeGeneration>
            <TargetCPU Value="x86_64"/>
            <TargetOS Value="linux"/>
          </CodeGeneration>
          <Linking>
            <Debugging>
              <GenerateDebugInfo Value="False"/>
              <DebugInfoType Value="dsDwarf3"/>
            </Debugging>
            <Options>
              <Win32>
                <GraphicApplication Value="True"/>
              </Win32>
            </Options>
          </Linking>
        </CompilerOptions>
      </Item3>
      <Item4 Name="linux64_release">
        <MacroValues Count="1">
          <Macro1 Name="LCLWidgetType" Value="gtk2"/>
        </MacroValues>
        <CompilerOptions>
          <Version Value="11"/>
          <PathDelim Value="\"/>
          <Target>
            <Filename Value="..\installer_linux_x86_64"/>
          </Target>
          <SearchPaths>
            <IncludeFiles Value="$(ProjOutDir)"/>
            <UnitOutputDirectory Value="lib\$(TargetCPU)-$(TargetOS)"/>
          </SearchPaths>
          <Parsing>
            <SyntaxOptions>
              <SyntaxMode Value="unleashed"/>
            </SyntaxOptions>
          </Parsing>
          <CodeGeneration>
            <SmartLinkUnit Value="True"/>
            <TargetCPU Value="x86_64"/>
            <TargetOS Value="linux"/>
            <Optimizations>
              <OptimizationLevel Value="3"/>
            </Optimizations>
          </CodeGeneration>
          <Linking>
            <Debugging>
              <GenerateDebugInfo Value="False"/>
              <RunWithoutDebug Value="True"/>
              <DebugInfoType Value="dsDwarf3"/>
              <StripSymbols Value="True"/>
            </Debugging>
            <LinkSmart Value="True"/>
            <Options>
              <Win32>
                <GraphicApplication Value="True"/>
              </Win32>
            </Options>
          </Linking>
        </CompilerOptions>
      </Item4>
      <SharedMatrixOptions Count="1">
        <Item1 ID="linuxgtk2pin001" Modes="linux64_debug,linux64_release" Type="IDEMacro" MacroName="LCLWidgetType" Value="gtk2"/>
      </SharedMatrixOptions>
    </BuildModes>
    <PublishOptions>
      <Version Value="2"/>
      <UseFileFilters Value="True"/>
    </PublishOptions>
    <RunParams>
      <FormatVersion Value="2"/>
    </RunParams>
    <RequiredPackages Count="1">
      <Item1>
        <PackageName Value="LCL"/>
      </Item1>
    </RequiredPackages>
    <Units Count="15">
      <Unit0>
        <Filename Value="installer.lpr"/>
        <IsPartOfProject Value="True"/>
      </Unit0>
      <Unit1>
        <Filename Value="main_form.pas"/>
        <IsPartOfProject Value="True"/>
        <ComponentName Value="MainForm"/>
        <HasResources Value="True"/>
        <ResourceBaseClass Value="Form"/>
      </Unit1>
      <Unit2>
        <Filename Value="branch_fetch.pas"/>
        <IsPartOfProject Value="True"/>
      </Unit2>
      <Unit3>
        <Filename Value="hash_util.pas"/>
        <IsPartOfProject Value="True"/>
      </Unit3>
      <Unit4>
        <Filename Value="proc_util.pas"/>
        <IsPartOfProject Value="True"/>
      </Unit4>
      <Unit5>
        <Filename Value="download_util.pas"/>
        <IsPartOfProject Value="True"/>
      </Unit5>
      <Unit6>
        <Filename Value="install_pipeline.pas"/>
        <IsPartOfProject Value="True"/>
      </Unit6>
      <Unit7>
        <Filename Value="zip_util.pas"/>
        <IsPartOfProject Value="True"/>
      </Unit7>
      <Unit8>
        <Filename Value="shortcut_util.pas"/>
        <IsPartOfProject Value="True"/>
      </Unit8>
      <Unit9>
        <Filename Value="install_manifest.pas"/>
        <IsPartOfProject Value="True"/>
      </Unit9>
      <Unit10>
        <Filename Value="hash_branch.pas"/>
        <IsPartOfProject Value="True"/>
      </Unit10>
      <Unit11>
        <Filename Value="branch_cache.pas"/>
        <IsPartOfProject Value="True"/>
      </Unit11>
      <Unit12>
        <Filename Value="about_form.pas"/>
        <IsPartOfProject Value="True"/>
        <ComponentName Value="AboutForm"/>
        <HasResources Value="True"/>
        <ResourceBaseClass Value="Form"/>
      </Unit12>
      <Unit13>
        <Filename Value="app_settings.pas"/>
        <IsPartOfProject Value="True"/>
      </Unit13>
      <Unit14>
        <Filename Value="linux_deps.pas"/>
        <IsPartOfProject Value="True"/>
      </Unit14>
    </Units>
  </ProjectOptions>
  <CompilerOptions>
    <Version Value="11"/>
    <PathDelim Value="\"/>
    <Target>
      <Filename Value="..\installer_win64_x86_64"/>
    </Target>
    <SearchPaths>
      <IncludeFiles Value="$(ProjOutDir)"/>
      <UnitOutputDirectory Value="lib\$(TargetCPU)-$(TargetOS)"/>
    </SearchPaths>
    <Parsing>
      <SyntaxOptions>
        <SyntaxMode Value="unleashed"/>
      </SyntaxOptions>
    </Parsing>
    <CodeGeneration>
      <TargetCPU Value="x86_64"/>
      <TargetOS Value="win64"/>
    </CodeGeneration>
    <Linking>
      <Debugging>
        <GenerateDebugInfo Value="False"/>
        <DebugInfoType Value="dsDwarf3"/>
      </Debugging>
      <Options>
        <Win32>
          <GraphicApplication Value="True"/>
        </Win32>
      </Options>
    </Linking>
  </CompilerOptions>
  <Debugging>
    <Exceptions Count="3">
      <Item1>
        <Name Value="EAbort"/>
      </Item1>
      <Item2>
        <Name Value="ECodetoolError"/>
      </Item2>
      <Item3>
        <Name Value="EFOpenError"/>
      </Item3>
    </Exceptions>
  </Debugging>
</CONFIG>
